
Microsoft Visual Studio Solution File, Format Version 12.00
# Visual Studio Version 17
VisualStudioVersion = 17.12.35527.113
MinimumVisualStudioVersion = 10.0.40219.1
Project("{FAE04EC0-301F-11D3-BF4B-00C04F79EFBC}") = "NamesControlServer", "NamesControlServer\NamesControlServer.csproj", "{39770530-69B3-4656-B176-CF695EA90CF1}"
EndProject
Project("{FAE04EC0-301F-11D3-BF4B-00C04F79EFBC}") = "NamesControlClient", "NamesControlClient\NamesControlClient.csproj", "{610A83EE-4EAA-45B3-91F2-87A6529BBD84}"
EndProject
Project("{FAE04EC0-301F-11D3-BF4B-00C04F79EFBC}") = "NamesControlLib", "PacketManager\NamesControlLib.csproj", "{8728A93B-D65A-460E-8547-58BB61CF718B}"
EndProject
Global
	GlobalSection(SolutionConfigurationPlatforms) = preSolution
		Debug|Any CPU = Debug|Any CPU
		Release|Any CPU = Release|Any CPU
	EndGlobalSection
	GlobalSection(ProjectConfigurationPlatforms) = postSolution
		{39770530-69B3-4656-B176-CF695EA90CF1}.Debug|Any CPU.ActiveCfg = Debug|Any CPU
		{39770530-69B3-4656-B176-CF695EA90CF1}.Debug|Any CPU.Build.0 = Debug|Any CPU
		{39770530-69B3-4656-B176-CF695EA90CF1}.Release|Any CPU.ActiveCfg = Release|Any CPU
		{39770530-69B3-4656-B176-CF695EA90CF1}.Release|Any CPU.Build.0 = Release|Any CPU
		{610A83EE-4EAA-45B3-91F2-87A6529BBD84}.Debug|Any CPU.ActiveCfg = Debug|Any CPU
		{610A83EE-4EAA-45B3-91F2-87A6529BBD84}.Debug|Any CPU.Build.0 = Debug|Any CPU
		{610A83EE-4EAA-45B3-91F2-87A6529BBD84}.Release|Any CPU.ActiveCfg = Release|Any CPU
		{610A83EE-4EAA-45B3-91F2-87A6529BBD84}.Release|Any CPU.Build.0 = Release|Any CPU
		{8728A93B-D65A-460E-8547-58BB61CF718B}.Debug|Any CPU.ActiveCfg = Debug|Any CPU
		{8728A93B-D65A-460E-8547-58BB61CF718B}.Debug|Any CPU.Build.0 = Debug|Any CPU
		{8728A93B-D65A-460E-8547-58BB61CF718B}.Release|Any CPU.ActiveCfg = Release|Any CPU
		{8728A93B-D65A-460E-8547-58BB61CF718B}.Release|Any CPU.Build.0 = Release|Any CPU
	EndGlobalSection
	GlobalSection(SolutionProperties) = preSolution
		HideSolutionNode = FALSE
	EndGlobalSection
EndGlobal
